
Microsoft Visual Studio Solution File, Format Version 12.00
# Visual Studio Version 17
VisualStudioVersion = 17.0.31423.177
MinimumVisualStudioVersion = 10.0.40219.1
Project("{FAE04EC0-301F-11D3-BF4B-00C04F79EFBC}") = "Example.DapperContrib.App", "Example.DapperContrib.App\Example.DapperContrib.App.csproj", "{A7C4FF50-CF2F-4F62-97B1-4530DC9396CB}"
EndProject
Global
	GlobalSection(SolutionConfigurationPlatforms) = preSolution
		Debug|Any CPU = Debug|Any CPU
		Release|Any CPU = Release|Any CPU
	EndGlobalSection
	GlobalSection(ProjectConfigurationPlatforms) = postSolution
		{A7C4FF50-CF2F-4F62-97B1-4530DC9396CB}.Debug|Any CPU.ActiveCfg = Debug|Any CPU
		{A7C4FF50-CF2F-4F62-97B1-4530DC9396CB}.Debug|Any CPU.Build.0 = Debug|Any CPU
		{A7C4FF50-CF2F-4F62-97B1-4530DC9396CB}.Release|Any CPU.ActiveCfg = Release|Any CPU
		{A7C4FF50-CF2F-4F62-97B1-4530DC9396CB}.Release|Any CPU.Build.0 = Release|Any CPU
	EndGlobalSection
	GlobalSection(SolutionProperties) = preSolution
		HideSolutionNode = FALSE
	EndGlobalSection
	GlobalSection(ExtensibilityGlobals) = postSolution
		SolutionGuid = {AB716457-42C6-4B3F-8A59-4703DB8FABF6}
	EndGlobalSection
EndGlobal
